// !$*UTF8*$!
{
	archiveVersion = 1;
	classes = {
	};
	objectVersion = 56;
	objects = {

/* Begin PBXBuildFile section */
		574ACD472AE5B671006269D4 /* LandmarkList.swift in Sources */ = {isa = PBXBuildFile; fileRef = 574ACD462AE5B671006269D4 /* LandmarkList.swift */; };
		574ACD492AE5BDDD006269D4 /* LandmarkDetail.swift in Sources */ = {isa = PBXBuildFile; fileRef = 574ACD482AE5BDDD006269D4 /* LandmarkDetail.swift */; };
		5784DEC12AE6FFD300EEAC57 /* FavoriteButton.swift in Sources */ = {isa = PBXBuildFile; fileRef = 5784DEC02AE6FFD300EEAC57 /* FavoriteButton.swift */; };
		5784DEC52AE70AD400EEAC57 /* HexagonParameters.swift in Sources */ = {isa = PBXBuildFile; fileRef = 5784DEC42AE70AD400EEAC57 /* HexagonParameters.swift */; };
		5784DEC72AE70BCB00EEAC57 /* BadgeBackground.swift in Sources */ = {isa = PBXBuildFile; fileRef = 5784DEC62AE70BCB00EEAC57 /* BadgeBackground.swift */; };
		5784DEC92AE70FB300EEAC57 /* BadgeSymbol.swift in Sources */ = {isa = PBXBuildFile; fileRef = 5784DEC82AE70FB300EEAC57 /* BadgeSymbol.swift */; };
		5784DECB2AE710EA00EEAC57 /* RotatedBadgeSymbol.swift in Sources */ = {isa = PBXBuildFile; fileRef = 5784DECA2AE710EA00EEAC57 /* RotatedBadgeSymbol.swift */; };
		5784DECD2AE7118E00EEAC57 /* Badge.swift in Sources */ = {isa = PBXBuildFile; fileRef = 5784DECC2AE7118E00EEAC57 /* Badge.swift */; };
		5798D67A2AE85BEA00108B1E /* hikeData.json in Resources */ = {isa = PBXBuildFile; fileRef = 5798D6792AE85BEA00108B1E /* hikeData.json */; };
		5798D67C2AE85C0E00108B1E /* Hike.swift in Sources */ = {isa = PBXBuildFile; fileRef = 5798D67B2AE85C0E00108B1E /* Hike.swift */; };
		5798D6822AE85E1F00108B1E /* GraphCapsule.swift in Sources */ = {isa = PBXBuildFile; fileRef = 5798D67E2AE85E1F00108B1E /* GraphCapsule.swift */; };
		5798D6832AE85E1F00108B1E /* HikeGraph.swift in Sources */ = {isa = PBXBuildFile; fileRef = 5798D67F2AE85E1F00108B1E /* HikeGraph.swift */; };
		5798D6842AE85E1F00108B1E /* HikeDetail.swift in Sources */ = {isa = PBXBuildFile; fileRef = 5798D6802AE85E1F00108B1E /* HikeDetail.swift */; };
		5798D6852AE85E1F00108B1E /* HikeView.swift in Sources */ = {isa = PBXBuildFile; fileRef = 5798D6812AE85E1F00108B1E /* HikeView.swift */; };
		5798D6882AE88A0C00108B1E /* CategoryHome.swift in Sources */ = {isa = PBXBuildFile; fileRef = 5798D6872AE88A0C00108B1E /* CategoryHome.swift */; };
		5798D68A2AE88F0A00108B1E /* CategoryRow.swift in Sources */ = {isa = PBXBuildFile; fileRef = 5798D6892AE88F0A00108B1E /* CategoryRow.swift */; };
		5798D68C2AE8A0DB00108B1E /* CategoryItem.swift in Sources */ = {isa = PBXBuildFile; fileRef = 5798D68B2AE8A0DB00108B1E /* CategoryItem.swift */; };
		5798D6B22AE9BE4900108B1E /* Profile.swift in Sources */ = {isa = PBXBuildFile; fileRef = 5798D6B12AE9BE4900108B1E /* Profile.swift */; };
		5798D6B52AE9BF7C00108B1E /* ProfileHost.swift in Sources */ = {isa = PBXBuildFile; fileRef = 5798D6B42AE9BF7C00108B1E /* ProfileHost.swift */; };
		5798D6B72AE9BFF400108B1E /* ProfileSummary.swift in Sources */ = {isa = PBXBuildFile; fileRef = 5798D6B62AE9BFF400108B1E /* ProfileSummary.swift */; };
		5798D6B92AE9C37200108B1E /* HikeBadge.swift in Sources */ = {isa = PBXBuildFile; fileRef = 5798D6B82AE9C37200108B1E /* HikeBadge.swift */; };
		5798D6BB2AE9CECA00108B1E /* ProfileEditor.swift in Sources */ = {isa = PBXBuildFile; fileRef = 5798D6BA2AE9CECA00108B1E /* ProfileEditor.swift */; };
		57DC8DD72AE4A625001D1A3C /* LandmarksApp.swift in Sources */ = {isa = PBXBuildFile; fileRef = 57DC8DD62AE4A625001D1A3C /* LandmarksApp.swift */; };
		57DC8DD92AE4A625001D1A3C /* LandmarkView.swift in Sources */ = {isa = PBXBuildFile; fileRef = 57DC8DD82AE4A625001D1A3C /* LandmarkView.swift */; };
		57DC8DDB2AE4A627001D1A3C /* Assets.xcassets in Resources */ = {isa = PBXBuildFile; fileRef = 57DC8DDA2AE4A627001D1A3C /* Assets.xcassets */; };
		57DC8DDE2AE4A627001D1A3C /* Preview Assets.xcassets in Resources */ = {isa = PBXBuildFile; fileRef = 57DC8DDD2AE4A627001D1A3C /* Preview Assets.xcassets */; };
		57DC8DE52AE4ABF7001D1A3C /* CircleImage.swift in Sources */ = {isa = PBXBuildFile; fileRef = 57DC8DE42AE4ABF7001D1A3C /* CircleImage.swift */; };
		57DC8DE72AE4B710001D1A3C /* MapView.swift in Sources */ = {isa = PBXBuildFile; fileRef = 57DC8DE62AE4B710001D1A3C /* MapView.swift */; };
		57DC8DEB2AE4C50C001D1A3C /* ModelData.swift in Sources */ = {isa = PBXBuildFile; fileRef = 57DC8DEA2AE4C50C001D1A3C /* ModelData.swift */; };
		57DC8DED2AE4C708001D1A3C /* landmarkData.json in Resources */ = {isa = PBXBuildFile; fileRef = 57DC8DEC2AE4C708001D1A3C /* landmarkData.json */; };
		57DC8DEF2AE4C72E001D1A3C /* Landmark.swift in Sources */ = {isa = PBXBuildFile; fileRef = 57DC8DEE2AE4C72E001D1A3C /* Landmark.swift */; };
		57DC8DF22AE4CCF3001D1A3C /* LandmarkRow.swift in Sources */ = {isa = PBXBuildFile; fileRef = 57DC8DF12AE4CCF3001D1A3C /* LandmarkRow.swift */; };
/* End PBXBuildFile section */

/* Begin PBXFileReference section */
		574ACD462AE5B671006269D4 /* LandmarkList.swift */ = {isa = PBXFileReference; lastKnownFileType = sourcecode.swift; path = LandmarkList.swift; sourceTree = "<group>"; };
		574ACD482AE5BDDD006269D4 /* LandmarkDetail.swift */ = {isa = PBXFileReference; lastKnownFileType = sourcecode.swift; path = LandmarkDetail.swift; sourceTree = "<group>"; };
		5784DEC02AE6FFD300EEAC57 /* FavoriteButton.swift */ = {isa = PBXFileReference; lastKnownFileType = sourcecode.swift; path = FavoriteButton.swift; sourceTree = "<group>"; };
		5784DEC42AE70AD400EEAC57 /* HexagonParameters.swift */ = {isa = PBXFileReference; lastKnownFileType = sourcecode.swift; path = HexagonParameters.swift; sourceTree = "<group>"; };
		5784DEC62AE70BCB00EEAC57 /* BadgeBackground.swift */ = {isa = PBXFileReference; lastKnownFileType = sourcecode.swift; path = BadgeBackground.swift; sourceTree = "<group>"; };
		5784DEC82AE70FB300EEAC57 /* BadgeSymbol.swift */ = {isa = PBXFileReference; lastKnownFileType = sourcecode.swift; path = BadgeSymbol.swift; sourceTree = "<group>"; };
		5784DECA2AE710EA00EEAC57 /* RotatedBadgeSymbol.swift */ = {isa = PBXFileReference; lastKnownFileType = sourcecode.swift; path = RotatedBadgeSymbol.swift; sourceTree = "<group>"; };
		5784DECC2AE7118E00EEAC57 /* Badge.swift */ = {isa = PBXFileReference; lastKnownFileType = sourcecode.swift; path = Badge.swift; sourceTree = "<group>"; };
		5798D6792AE85BEA00108B1E /* hikeData.json */ = {isa = PBXFileReference; fileEncoding = 4; lastKnownFileType = text.json; path = hikeData.json; sourceTree = "<group>"; };
		5798D67B2AE85C0E00108B1E /* Hike.swift */ = {isa = PBXFileReference; lastKnownFileType = sourcecode.swift; path = Hike.swift; sourceTree = "<group>"; };
		5798D67E2AE85E1F00108B1E /* GraphCapsule.swift */ = {isa = PBXFileReference; fileEncoding = 4; lastKnownFileType = sourcecode.swift; path = GraphCapsule.swift; sourceTree = "<group>"; };
		5798D67F2AE85E1F00108B1E /* HikeGraph.swift */ = {isa = PBXFileReference; fileEncoding = 4; lastKnownFileType = sourcecode.swift; path = HikeGraph.swift; sourceTree = "<group>"; };
		5798D6802AE85E1F00108B1E /* HikeDetail.swift */ = {isa = PBXFileReference; fileEncoding = 4; lastKnownFileType = sourcecode.swift; path = HikeDetail.swift; sourceTree = "<group>"; };
		5798D6812AE85E1F00108B1E /* HikeView.swift */ = {isa = PBXFileReference; fileEncoding = 4; lastKnownFileType = sourcecode.swift; path = HikeView.swift; sourceTree = "<group>"; };
		5798D6872AE88A0C00108B1E /* CategoryHome.swift */ = {isa = PBXFileReference; lastKnownFileType = sourcecode.swift; path = CategoryHome.swift; sourceTree = "<group>"; };
		5798D6892AE88F0A00108B1E /* CategoryRow.swift */ = {isa = PBXFileReference; lastKnownFileType = sourcecode.swift; path = CategoryRow.swift; sourceTree = "<group>"; };
		5798D68B2AE8A0DB00108B1E /* CategoryItem.swift */ = {isa = PBXFileReference; lastKnownFileType = sourcecode.swift; path = CategoryItem.swift; sourceTree = "<group>"; };
		5798D6B12AE9BE4900108B1E /* Profile.swift */ = {isa = PBXFileReference; lastKnownFileType = sourcecode.swift; path = Profile.swift; sourceTree = "<group>"; };
		5798D6B42AE9BF7C00108B1E /* ProfileHost.swift */ = {isa = PBXFileReference; lastKnownFileType = sourcecode.swift; path = ProfileHost.swift; sourceTree = "<group>"; };
		5798D6B62AE9BFF400108B1E /* ProfileSummary.swift */ = {isa = PBXFileReference; lastKnownFileType = sourcecode.swift; path = ProfileSummary.swift; sourceTree = "<group>"; };
		5798D6B82AE9C37200108B1E /* HikeBadge.swift */ = {isa = PBXFileReference; lastKnownFileType = sourcecode.swift; path = HikeBadge.swift; sourceTree = "<group>"; };
		5798D6BA2AE9CECA00108B1E /* ProfileEditor.swift */ = {isa = PBXFileReference; lastKnownFileType = sourcecode.swift; name = ProfileEditor.swift; path = Landmarks/Views/Profiles/ProfileEditor.swift; sourceTree = "<group>"; };
		57DC8DD32AE4A625001D1A3C /* Landmarks.app */ = {isa = PBXFileReference; explicitFileType = wrapper.application; includeInIndex = 0; path = Landmarks.app; sourceTree = BUILT_PRODUCTS_DIR; };
		57DC8DD62AE4A625001D1A3C /* LandmarksApp.swift */ = {isa = PBXFileReference; lastKnownFileType = sourcecode.swift; path = LandmarksApp.swift; sourceTree = "<group>"; };
		57DC8DD82AE4A625001D1A3C /* LandmarkView.swift */ = {isa = PBXFileReference; lastKnownFileType = sourcecode.swift; path = LandmarkView.swift; sourceTree = "<group>"; };
		57DC8DDA2AE4A627001D1A3C /* Assets.xcassets */ = {isa = PBXFileReference; lastKnownFileType = folder.assetcatalog; path = Assets.xcassets; sourceTree = "<group>"; };
		57DC8DDD2AE4A627001D1A3C /* Preview Assets.xcassets */ = {isa = PBXFileReference; lastKnownFileType = folder.assetcatalog; path = "Preview Assets.xcassets"; sourceTree = "<group>"; };
		57DC8DE42AE4ABF7001D1A3C /* CircleImage.swift */ = {isa = PBXFileReference; lastKnownFileType = sourcecode.swift; path = CircleImage.swift; sourceTree = "<group>"; };
		57DC8DE62AE4B710001D1A3C /* MapView.swift */ = {isa = PBXFileReference; lastKnownFileType = sourcecode.swift; path = MapView.swift; sourceTree = "<group>"; };
		57DC8DEA2AE4C50C001D1A3C /* ModelData.swift */ = {isa = PBXFileReference; lastKnownFileType = sourcecode.swift; path = ModelData.swift; sourceTree = "<group>"; };
		57DC8DEC2AE4C708001D1A3C /* landmarkData.json */ = {isa = PBXFileReference; fileEncoding = 4; lastKnownFileType = text.json; path = landmarkData.json; sourceTree = "<group>"; };
		57DC8DEE2AE4C72E001D1A3C /* Landmark.swift */ = {isa = PBXFileReference; lastKnownFileType = sourcecode.swift; path = Landmark.swift; sourceTree = "<group>"; };
		57DC8DF12AE4CCF3001D1A3C /* LandmarkRow.swift */ = {isa = PBXFileReference; lastKnownFileType = sourcecode.swift; path = LandmarkRow.swift; sourceTree = "<group>"; };
/* End PBXFileReference section */

/* Begin PBXFrameworksBuildPhase section */
		57DC8DD02AE4A625001D1A3C /* Frameworks */ = {
			isa = PBXFrameworksBuildPhase;
			buildActionMask = 2147483647;
			files = (
			);
			runOnlyForDeploymentPostprocessing = 0;
		};
/* End PBXFrameworksBuildPhase section */

/* Begin PBXGroup section */
		5784DEC22AE7010000EEAC57 /* Landmarks */ = {
			isa = PBXGroup;
			children = (
				57DC8DF12AE4CCF3001D1A3C /* LandmarkRow.swift */,
				574ACD462AE5B671006269D4 /* LandmarkList.swift */,
				574ACD482AE5BDDD006269D4 /* LandmarkDetail.swift */,
			);
			path = Landmarks;
			sourceTree = "<group>";
		};
		5784DEC32AE7011600EEAC57 /* Helpers */ = {
			isa = PBXGroup;
			children = (
				57DC8DE42AE4ABF7001D1A3C /* CircleImage.swift */,
				57DC8DE62AE4B710001D1A3C /* MapView.swift */,
				5784DEC02AE6FFD300EEAC57 /* FavoriteButton.swift */,
			);
			path = Helpers;
			sourceTree = "<group>";
		};
		5784DECE2AE712C300EEAC57 /* Badges */ = {
			isa = PBXGroup;
			children = (
				5784DEC42AE70AD400EEAC57 /* HexagonParameters.swift */,
				5784DEC62AE70BCB00EEAC57 /* BadgeBackground.swift */,
				5784DEC82AE70FB300EEAC57 /* BadgeSymbol.swift */,
				5784DECA2AE710EA00EEAC57 /* RotatedBadgeSymbol.swift */,
				5784DECC2AE7118E00EEAC57 /* Badge.swift */,
				5798D6B82AE9C37200108B1E /* HikeBadge.swift */,
			);
			path = Badges;
			sourceTree = "<group>";
		};
		5798D67D2AE85E1F00108B1E /* Hikes */ = {
			isa = PBXGroup;
			children = (
				5798D67E2AE85E1F00108B1E /* GraphCapsule.swift */,
				5798D67F2AE85E1F00108B1E /* HikeGraph.swift */,
				5798D6802AE85E1F00108B1E /* HikeDetail.swift */,
				5798D6812AE85E1F00108B1E /* HikeView.swift */,
			);
			path = Hikes;
			sourceTree = "<group>";
		};
		5798D6862AE889F100108B1E /* Categories */ = {
			isa = PBXGroup;
			children = (
				5798D6872AE88A0C00108B1E /* CategoryHome.swift */,
				5798D6892AE88F0A00108B1E /* CategoryRow.swift */,
				5798D68B2AE8A0DB00108B1E /* CategoryItem.swift */,
			);
			path = Categories;
			sourceTree = "<group>";
		};
		5798D6B32AE9BF6500108B1E /* Profiles */ = {
			isa = PBXGroup;
			children = (
				5798D6B42AE9BF7C00108B1E /* ProfileHost.swift */,
				5798D6B62AE9BFF400108B1E /* ProfileSummary.swift */,
			);
			path = Profiles;
			sourceTree = "<group>";
		};
		57DC8DCA2AE4A625001D1A3C = {
			isa = PBXGroup;
			children = (
				5798D6BA2AE9CECA00108B1E /* ProfileEditor.swift */,
				57DC8DD52AE4A625001D1A3C /* Landmarks */,
				57DC8DD42AE4A625001D1A3C /* Products */,
			);
			sourceTree = "<group>";
		};
		57DC8DD42AE4A625001D1A3C /* Products */ = {
			isa = PBXGroup;
			children = (
				57DC8DD32AE4A625001D1A3C /* Landmarks.app */,
			);
			name = Products;
			sourceTree = "<group>";
		};
		57DC8DD52AE4A625001D1A3C /* Landmarks */ = {
			isa = PBXGroup;
			children = (
				57DC8DF02AE4C9F9001D1A3C /* Resources */,
				57DC8DE92AE4C4FB001D1A3C /* Models */,
				57DC8DE82AE4C485001D1A3C /* Views */,
				57DC8DD62AE4A625001D1A3C /* LandmarksApp.swift */,
				57DC8DDA2AE4A627001D1A3C /* Assets.xcassets */,
				57DC8DDC2AE4A627001D1A3C /* Preview Content */,
			);
			path = Landmarks;
			sourceTree = "<group>";
		};
		57DC8DDC2AE4A627001D1A3C /* Preview Content */ = {
			isa = PBXGroup;
			children = (
				57DC8DDD2AE4A627001D1A3C /* Preview Assets.xcassets */,
			);
			path = "Preview Content";
			sourceTree = "<group>";
		};
		57DC8DE82AE4C485001D1A3C /* Views */ = {
			isa = PBXGroup;
			children = (
				5798D6B32AE9BF6500108B1E /* Profiles */,
				5784DECE2AE712C300EEAC57 /* Badges */,
				5798D6862AE889F100108B1E /* Categories */,
				5784DEC32AE7011600EEAC57 /* Helpers */,
				5798D67D2AE85E1F00108B1E /* Hikes */,
				5784DEC22AE7010000EEAC57 /* Landmarks */,
				57DC8DD82AE4A625001D1A3C /* LandmarkView.swift */,
			);
			path = Views;
			sourceTree = "<group>";
		};
		57DC8DE92AE4C4FB001D1A3C /* Models */ = {
			isa = PBXGroup;
			children = (
				57DC8DEA2AE4C50C001D1A3C /* ModelData.swift */,
				57DC8DEE2AE4C72E001D1A3C /* Landmark.swift */,
				5798D67B2AE85C0E00108B1E /* Hike.swift */,
				5798D6B12AE9BE4900108B1E /* Profile.swift */,
			);
			path = Models;
			sourceTree = "<group>";
		};
		57DC8DF02AE4C9F9001D1A3C /* Resources */ = {
			isa = PBXGroup;
			children = (
				5798D6792AE85BEA00108B1E /* hikeData.json */,
				57DC8DEC2AE4C708001D1A3C /* landmarkData.json */,
			);
			path = Resources;
			sourceTree = "<group>";
		};
/* End PBXGroup section */

/* Begin PBXNativeTarget section */
		57DC8DD22AE4A625001D1A3C /* Landmarks */ = {
			isa = PBXNativeTarget;
			buildConfigurationList = 57DC8DE12AE4A627001D1A3C /* Build configuration list for PBXNativeTarget "Landmarks" */;
			buildPhases = (
				57DC8DCF2AE4A625001D1A3C /* Sources */,
				57DC8DD02AE4A625001D1A3C /* Frameworks */,
				57DC8DD12AE4A625001D1A3C /* Resources */,
			);
			buildRules = (
			);
			dependencies = (
			);
			name = Landmarks;
			productName = Landmarks;
			productReference = 57DC8DD32AE4A625001D1A3C /* Landmarks.app */;
			productType = "com.apple.product-type.application";
		};
/* End PBXNativeTarget section */

/* Begin PBXProject section */
		57DC8DCB2AE4A625001D1A3C /* Project object */ = {
			isa = PBXProject;
			attributes = {
				BuildIndependentTargetsInParallel = 1;
				LastSwiftUpdateCheck = 1500;
				LastUpgradeCheck = 1500;
				TargetAttributes = {
					57DC8DD22AE4A625001D1A3C = {
						CreatedOnToolsVersion = 15.0;
					};
				};
			};
			buildConfigurationList = 57DC8DCE2AE4A625001D1A3C /* Build configuration list for PBXProject "Landmarks" */;
			compatibilityVersion = "Xcode 14.0";
			developmentRegion = en;
			hasScannedForEncodings = 0;
			knownRegions = (
				en,
				Base,
			);
			mainGroup = 57DC8DCA2AE4A625001D1A3C;
			productRefGroup = 57DC8DD42AE4A625001D1A3C /* Products */;
			projectDirPath = "";
			projectRoot = "";
			targets = (
				57DC8DD22AE4A625001D1A3C /* Landmarks */,
			);
		};
/* End PBXProject section */

/* Begin PBXResourcesBuildPhase section */
		57DC8DD12AE4A625001D1A3C /* Resources */ = {
			isa = PBXResourcesBuildPhase;
			buildActionMask = 2147483647;
			files = (
				5798D67A2AE85BEA00108B1E /* hikeData.json in Resources */,
				57DC8DDE2AE4A627001D1A3C /* Preview Assets.xcassets in Resources */,
				57DC8DDB2AE4A627001D1A3C /* Assets.xcassets in Resources */,
				57DC8DED2AE4C708001D1A3C /* landmarkData.json in Resources */,
			);
			runOnlyForDeploymentPostprocessing = 0;
		};
/* End PBXResourcesBuildPhase section */

/* Begin PBXSourcesBuildPhase section */
		57DC8DCF2AE4A625001D1A3C /* Sources */ = {
			isa = PBXSourcesBuildPhase;
			buildActionMask = 2147483647;
			files = (
				5798D68A2AE88F0A00108B1E /* CategoryRow.swift in Sources */,
				5798D6B22AE9BE4900108B1E /* Profile.swift in Sources */,
				57DC8DD92AE4A625001D1A3C /* LandmarkView.swift in Sources */,
				5798D6882AE88A0C00108B1E /* CategoryHome.swift in Sources */,
				5798D6832AE85E1F00108B1E /* HikeGraph.swift in Sources */,
				5784DECD2AE7118E00EEAC57 /* Badge.swift in Sources */,
				57DC8DEF2AE4C72E001D1A3C /* Landmark.swift in Sources */,
				5798D6822AE85E1F00108B1E /* GraphCapsule.swift in Sources */,
				57DC8DEB2AE4C50C001D1A3C /* ModelData.swift in Sources */,
				5784DEC12AE6FFD300EEAC57 /* FavoriteButton.swift in Sources */,
				5798D68C2AE8A0DB00108B1E /* CategoryItem.swift in Sources */,
				5798D6842AE85E1F00108B1E /* HikeDetail.swift in Sources */,
				5798D6B72AE9BFF400108B1E /* ProfileSummary.swift in Sources */,
				5784DEC52AE70AD400EEAC57 /* HexagonParameters.swift in Sources */,
				5798D6B52AE9BF7C00108B1E /* ProfileHost.swift in Sources */,
				5798D67C2AE85C0E00108B1E /* Hike.swift in Sources */,
				5784DECB2AE710EA00EEAC57 /* RotatedBadgeSymbol.swift in Sources */,
				5784DEC92AE70FB300EEAC57 /* BadgeSymbol.swift in Sources */,
				5798D6BB2AE9CECA00108B1E /* ProfileEditor.swift in Sources */,
				574ACD472AE5B671006269D4 /* LandmarkList.swift in Sources */,
				5798D6852AE85E1F00108B1E /* HikeView.swift in Sources */,
				574ACD492AE5BDDD006269D4 /* LandmarkDetail.swift in Sources */,
				5784DEC72AE70BCB00EEAC57 /* BadgeBackground.swift in Sources */,
				5798D6B92AE9C37200108B1E /* HikeBadge.swift in Sources */,
				57DC8DE72AE4B710001D1A3C /* MapView.swift in Sources */,
				57DC8DD72AE4A625001D1A3C /* LandmarksApp.swift in Sources */,
				57DC8DF22AE4CCF3001D1A3C /* LandmarkRow.swift in Sources */,
				57DC8DE52AE4ABF7001D1A3C /* CircleImage.swift in Sources */,
			);
			runOnlyForDeploymentPostprocessing = 0;
		};
/* End PBXSourcesBuildPhase section */

/* Begin XCBuildConfiguration section */
		57DC8DDF2AE4A627001D1A3C /* Debug */ = {
			isa = XCBuildConfiguration;
			buildSettings = {
				ALWAYS_SEARCH_USER_PATHS = NO;
				ASSETCATALOG_COMPILER_GENERATE_SWIFT_ASSET_SYMBOL_EXTENSIONS = YES;
				CLANG_ANALYZER_NONNULL = YES;
				CLANG_ANALYZER_NUMBER_OBJECT_CONVERSION = YES_AGGRESSIVE;
				CLANG_CXX_LANGUAGE_STANDARD = "gnu++20";
				CLANG_ENABLE_MODULES = YES;
				CLANG_ENABLE_OBJC_ARC = YES;
				CLANG_ENABLE_OBJC_WEAK = YES;
				CLANG_WARN_BLOCK_CAPTURE_AUTORELEASING = YES;
				CLANG_WARN_BOOL_CONVERSION = YES;
				CLANG_WARN_COMMA = YES;
				CLANG_WARN_CONSTANT_CONVERSION = YES;
				CLANG_WARN_DEPRECATED_OBJC_IMPLEMENTATIONS = YES;
				CLANG_WARN_DIRECT_OBJC_ISA_USAGE = YES_ERROR;
				CLANG_WARN_DOCUMENTATION_COMMENTS = YES;
				CLANG_WARN_EMPTY_BODY = YES;
				CLANG_WARN_ENUM_CONVERSION = YES;
				CLANG_WARN_INFINITE_RECURSION = YES;
				CLANG_WARN_INT_CONVERSION = YES;
				CLANG_WARN_NON_LITERAL_NULL_CONVERSION = YES;
				CLANG_WARN_OBJC_IMPLICIT_RETAIN_SELF = YES;
				CLANG_WARN_OBJC_LITERAL_CONVERSION = YES;
				CLANG_WARN_OBJC_ROOT_CLASS = YES_ERROR;
				CLANG_WARN_QUOTED_INCLUDE_IN_FRAMEWORK_HEADER = YES;
				CLANG_WARN_RANGE_LOOP_ANALYSIS = YES;
				CLANG_WARN_STRICT_PROTOTYPES = YES;
				CLANG_WARN_SUSPICIOUS_MOVE = YES;
				CLANG_WARN_UNGUARDED_AVAILABILITY = YES_AGGRESSIVE;
				CLANG_WARN_UNREACHABLE_CODE = YES;
				CLANG_WARN__DUPLICATE_METHOD_MATCH = YES;
				COPY_PHASE_STRIP = NO;
				DEBUG_INFORMATION_FORMAT = dwarf;
				ENABLE_STRICT_OBJC_MSGSEND = YES;
				ENABLE_TESTABILITY = YES;
				ENABLE_USER_SCRIPT_SANDBOXING = YES;
				GCC_C_LANGUAGE_STANDARD = gnu17;
				GCC_DYNAMIC_NO_PIC = NO;
				GCC_NO_COMMON_BLOCKS = YES;
				GCC_OPTIMIZATION_LEVEL = 0;
				GCC_PREPROCESSOR_DEFINITIONS = (
					"DEBUG=1",
					"$(inherited)",
				);
				GCC_WARN_64_TO_32_BIT_CONVERSION = YES;
				GCC_WARN_ABOUT_RETURN_TYPE = YES_ERROR;
				GCC_WARN_UNDECLARED_SELECTOR = YES;
				GCC_WARN_UNINITIALIZED_AUTOS = YES_AGGRESSIVE;
				GCC_WARN_UNUSED_FUNCTION = YES;
				GCC_WARN_UNUSED_VARIABLE = YES;
				IPHONEOS_DEPLOYMENT_TARGET = 17.0;
				LOCALIZATION_PREFERS_STRING_CATALOGS = YES;
				MTL_ENABLE_DEBUG_INFO = INCLUDE_SOURCE;
				MTL_FAST_MATH = YES;
				ONLY_ACTIVE_ARCH = YES;
				SDKROOT = iphoneos;
				SWIFT_ACTIVE_COMPILATION_CONDITIONS = "DEBUG $(inherited)";
				SWIFT_OPTIMIZATION_LEVEL = "-Onone";
			};
			name = Debug;
		};
		57DC8DE02AE4A627001D1A3C /* Release */ = {
			isa = XCBuildConfiguration;
			buildSettings = {
				ALWAYS_SEARCH_USER_PATHS = NO;
				ASSETCATALOG_COMPILER_GENERATE_SWIFT_ASSET_SYMBOL_EXTENSIONS = YES;
				CLANG_ANALYZER_NONNULL = YES;
				CLANG_ANALYZER_NUMBER_OBJECT_CONVERSION = YES_AGGRESSIVE;
				CLANG_CXX_LANGUAGE_STANDARD = "gnu++20";
				CLANG_ENABLE_MODULES = YES;
				CLANG_ENABLE_OBJC_ARC = YES;
				CLANG_ENABLE_OBJC_WEAK = YES;
				CLANG_WARN_BLOCK_CAPTURE_AUTORELEASING = YES;
				CLANG_WARN_BOOL_CONVERSION = YES;
				CLANG_WARN_COMMA = YES;
				CLANG_WARN_CONSTANT_CONVERSION = YES;
				CLANG_WARN_DEPRECATED_OBJC_IMPLEMENTATIONS = YES;
				CLANG_WARN_DIRECT_OBJC_ISA_USAGE = YES_ERROR;
				CLANG_WARN_DOCUMENTATION_COMMENTS = YES;
				CLANG_WARN_EMPTY_BODY = YES;
				CLANG_WARN_ENUM_CONVERSION = YES;
				CLANG_WARN_INFINITE_RECURSION = YES;
				CLANG_WARN_INT_CONVERSION = YES;
				CLANG_WARN_NON_LITERAL_NULL_CONVERSION = YES;
				CLANG_WARN_OBJC_IMPLICIT_RETAIN_SELF = YES;
				CLANG_WARN_OBJC_LITERAL_CONVERSION = YES;
				CLANG_WARN_OBJC_ROOT_CLASS = YES_ERROR;
				CLANG_WARN_QUOTED_INCLUDE_IN_FRAMEWORK_HEADER = YES;
				CLANG_WARN_RANGE_LOOP_ANALYSIS = YES;
				CLANG_WARN_STRICT_PROTOTYPES = YES;
				CLANG_WARN_SUSPICIOUS_MOVE = YES;
				CLANG_WARN_UNGUARDED_AVAILABILITY = YES_AGGRESSIVE;
				CLANG_WARN_UNREACHABLE_CODE = YES;
				CLANG_WARN__DUPLICATE_METHOD_MATCH = YES;
				COPY_PHASE_STRIP = NO;
				DEBUG_INFORMATION_FORMAT = "dwarf-with-dsym";
				ENABLE_NS_ASSERTIONS = NO;
				ENABLE_STRICT_OBJC_MSGSEND = YES;
				ENABLE_USER_SCRIPT_SANDBOXING = YES;
				GCC_C_LANGUAGE_STANDARD = gnu17;
				GCC_NO_COMMON_BLOCKS = YES;
				GCC_WARN_64_TO_32_BIT_CONVERSION = YES;
				GCC_WARN_ABOUT_RETURN_TYPE = YES_ERROR;
				GCC_WARN_UNDECLARED_SELECTOR = YES;
				GCC_WARN_UNINITIALIZED_AUTOS = YES_AGGRESSIVE;
				GCC_WARN_UNUSED_FUNCTION = YES;
				GCC_WARN_UNUSED_VARIABLE = YES;
				IPHONEOS_DEPLOYMENT_TARGET = 17.0;
				LOCALIZATION_PREFERS_STRING_CATALOGS = YES;
				MTL_ENABLE_DEBUG_INFO = NO;
				MTL_FAST_MATH = YES;
				SDKROOT = iphoneos;
				SWIFT_COMPILATION_MODE = wholemodule;
				VALIDATE_PRODUCT = YES;
			};
			name = Release;
		};
		57DC8DE22AE4A627001D1A3C /* Debug */ = {
			isa = XCBuildConfiguration;
			buildSettings = {
				ASSETCATALOG_COMPILER_APPICON_NAME = AppIcon;
				ASSETCATALOG_COMPILER_GLOBAL_ACCENT_COLOR_NAME = AccentColor;
				CODE_SIGN_STYLE = Automatic;
				CURRENT_PROJECT_VERSION = 1;
				DEVELOPMENT_ASSET_PATHS = "\"Landmarks/Preview Content\"";
				DEVELOPMENT_TEAM = AUS3N78KC6;
				ENABLE_PREVIEWS = YES;
				GENERATE_INFOPLIST_FILE = YES;
				INFOPLIST_KEY_UIApplicationSceneManifest_Generation = YES;
				INFOPLIST_KEY_UIApplicationSupportsIndirectInputEvents = YES;
				INFOPLIST_KEY_UILaunchScreen_Generation = YES;
				INFOPLIST_KEY_UISupportedInterfaceOrientations_iPad = "UIInterfaceOrientationPortrait UIInterfaceOrientationPortraitUpsideDown UIInterfaceOrientationLandscapeLeft UIInterfaceOrientationLandscapeRight";
				INFOPLIST_KEY_UISupportedInterfaceOrientations_iPhone = "UIInterfaceOrientationPortrait UIInterfaceOrientationLandscapeLeft UIInterfaceOrientationLandscapeRight";
				LD_RUNPATH_SEARCH_PATHS = (
					"$(inherited)",
					"@executable_path/Frameworks",
				);
				MARKETING_VERSION = 1.0;
				PRODUCT_BUNDLE_IDENTIFIER = com.victorcampos.Landmarks;
				PRODUCT_NAME = "$(TARGET_NAME)";
				SWIFT_EMIT_LOC_STRINGS = YES;
				SWIFT_VERSION = 5.0;
				TARGETED_DEVICE_FAMILY = "1,2";
			};
			name = Debug;
		};
		57DC8DE32AE4A627001D1A3C /* Release */ = {
			isa = XCBuildConfiguration;
			buildSettings = {
				ASSETCATALOG_COMPILER_APPICON_NAME = AppIcon;
				ASSETCATALOG_COMPILER_GLOBAL_ACCENT_COLOR_NAME = AccentColor;
				CODE_SIGN_STYLE = Automatic;
				CURRENT_PROJECT_VERSION = 1;
				DEVELOPMENT_ASSET_PATHS = "\"Landmarks/Preview Content\"";
				DEVELOPMENT_TEAM = AUS3N78KC6;
				ENABLE_PREVIEWS = YES;
				GENERATE_INFOPLIST_FILE = YES;
				INFOPLIST_KEY_UIApplicationSceneManifest_Generation = YES;
				INFOPLIST_KEY_UIApplicationSupportsIndirectInputEvents = YES;
				INFOPLIST_KEY_UILaunchScreen_Generation = YES;
				INFOPLIST_KEY_UISupportedInterfaceOrientations_iPad = "UIInterfaceOrientationPortrait UIInterfaceOrientationPortraitUpsideDown UIInterfaceOrientationLandscapeLeft UIInterfaceOrientationLandscapeRight";
				INFOPLIST_KEY_UISupportedInterfaceOrientations_iPhone = "UIInterfaceOrientationPortrait UIInterfaceOrientationLandscapeLeft UIInterfaceOrientationLandscapeRight";
				LD_RUNPATH_SEARCH_PATHS = (
					"$(inherited)",
					"@executable_path/Frameworks",
				);
				MARKETING_VERSION = 1.0;
				PRODUCT_BUNDLE_IDENTIFIER = com.victorcampos.Landmarks;
				PRODUCT_NAME = "$(TARGET_NAME)";
				SWIFT_EMIT_LOC_STRINGS = YES;
				SWIFT_VERSION = 5.0;
				TARGETED_DEVICE_FAMILY = "1,2";
			};
			name = Release;
		};
/* End XCBuildConfiguration section */

/* Begin XCConfigurationList section */
		57DC8DCE2AE4A625001D1A3C /* Build configuration list for PBXProject "Landmarks" */ = {
			isa = XCConfigurationList;
			buildConfigurations = (
				57DC8DDF2AE4A627001D1A3C /* Debug */,
				57DC8DE02AE4A627001D1A3C /* Release */,
			);
			defaultConfigurationIsVisible = 0;
			defaultConfigurationName = Release;
		};
		57DC8DE12AE4A627001D1A3C /* Build configuration list for PBXNativeTarget "Landmarks" */ = {
			isa = XCConfigurationList;
			buildConfigurations = (
				57DC8DE22AE4A627001D1A3C /* Debug */,
				57DC8DE32AE4A627001D1A3C /* Release */,
			);
			defaultConfigurationIsVisible = 0;
			defaultConfigurationName = Release;
		};
/* End XCConfigurationList section */
	};
	rootObject = 57DC8DCB2AE4A625001D1A3C /* Project object */;
}
